<?xml version="1.0" encoding="utf-8"?>
<Project ToolsVersion="4.0" xmlns="http://schemas.microsoft.com/developer/msbuild/2003">
  <ItemGroup>
    <Filter Include="Source Files">
      <UniqueIdentifier>{4FC737F1-C7A5-4376-A066-2A32D752A2FF}</UniqueIdentifier>
      <Extensions>cpp;c;cc;cxx;c++;cppm;ixx;def;odl;idl;hpj;bat;asm;asmx</Extensions>
    </Filter>
    <Filter Include="Header Files">
      <UniqueIdentifier>{93995380-89BD-4b04-88EB-625FBE52EBFB}</UniqueIdentifier>
      <Extensions>h;hh;hpp;hxx;h++;hm;inl;inc;ipp;xsd</Extensions>
    </Filter>
    <Filter Include="Resource Files">
      <UniqueIdentifier>{67DA6AB6-F800-4c08-8B7A-83BB121AAD01}</UniqueIdentifier>
      <Extensions>rc;ico;cur;bmp;dlg;rc2;rct;bin;rgs;gif;jpg;jpeg;jpe;resx;tiff;tif;png;wav;mfcribbon-ms</Extensions>
    </Filter>
    <Filter Include="Source Files\User Interface">
      <UniqueIdentifier>{4e4589f5-ae1c-4d7a-8e47-3b0c0b791935}</UniqueIdentifier>
    </Filter>
    <Filter Include="Source Files\User Interface\gui">
      <UniqueIdentifier>{07b93939-a8f3-4dc2-b597-84f6b7b76bfc}</UniqueIdentifier>
    </Filter>
    <Filter Include="Header Files\User Interface">
      <UniqueIdentifier>{c381ca6b-5842-462b-8d16-aaf2227d60e3}</UniqueIdentifier>
    </Filter>
    <Filter Include="Source Files\User Interface\input">
      <UniqueIdentifier>{7f004ba6-d11c-4899-bc78-55eb2609019b}</UniqueIdentifier>
    </Filter>
    <Filter Include="Source Files\Render Engine">
      <UniqueIdentifier>{537006c9-8cc0-417a-874c-a01608c0adf3}</UniqueIdentifier>
    </Filter>
    <Filter Include="Header Files\Render Engine">
      <UniqueIdentifier>{0c5171bc-2b1b-4789-a1dd-ae11e16cda26}</UniqueIdentifier>
    </Filter>
    <Filter Include="Source Files\Render Engine\opengl">
      <UniqueIdentifier>{c0bf5e54-64a0-45ca-9d54-0b0869fdb9b0}</UniqueIdentifier>
    </Filter>
    <Filter Include="Source Files\Render Engine\opengl\core">
      <UniqueIdentifier>{d77abbb8-fab1-47db-91e3-3cdf9e0ebcea}</UniqueIdentifier>
    </Filter>
    <Filter Include="Header Files\Render Engine\opengl">
      <UniqueIdentifier>{c3868c49-5d33-4d4b-a217-587b23f13902}</UniqueIdentifier>
    </Filter>
    <Filter Include="Source Files\Render Engine\opengl\data_struct">
      <UniqueIdentifier>{a0eb2df0-94c9-404d-aca2-a62b52494e5f}</UniqueIdentifier>
    </Filter>
    <Filter Include="Source Files\Scene">
      <UniqueIdentifier>{ca504600-939c-42d9-8db5-1f898080a3a5}</UniqueIdentifier>
    </Filter>
    <Filter Include="Source Files\Scene\model">
      <UniqueIdentifier>{14bc29e3-8477-4ab6-96b1-ba11cc389941}</UniqueIdentifier>
    </Filter>
    <Filter Include="Source Files\Scene\importer">
      <UniqueIdentifier>{b4d3e477-13ea-4d88-9193-20672905361a}</UniqueIdentifier>
    </Filter>
    <Filter Include="Header Files\Scene">
      <UniqueIdentifier>{dca2018b-042c-404e-bb9e-69e5bc1b41e9}</UniqueIdentifier>
    </Filter>
    <Filter Include="Source Files\System">
      <UniqueIdentifier>{2b3f9976-f21f-40f6-96f0-92c8734926b2}</UniqueIdentifier>
    </Filter>
    <Filter Include="Source Files\System\utils">
      <UniqueIdentifier>{80b292d7-fcb8-41b7-a4f6-6446c6b1b028}</UniqueIdentifier>
    </Filter>
    <Filter Include="Source Files\System\utils\data_types">
      <UniqueIdentifier>{56fd1ba9-8881-40fa-85c4-d69c8d4beb4d}</UniqueIdentifier>
    </Filter>
    <Filter Include="Header Files\System">
      <UniqueIdentifier>{feb6fb62-af69-4d85-9caa-fc86a816275c}</UniqueIdentifier>
    </Filter>
    <Filter Include="Header Files\System\utils">
      <UniqueIdentifier>{f39ada46-17b0-42da-92c2-1d9cf96cca65}</UniqueIdentifier>
    </Filter>
    <Filter Include="Source Files\System\debug">
      <UniqueIdentifier>{7e909740-c316-4a49-ac49-7d401e74542c}</UniqueIdentifier>
    </Filter>
  </ItemGroup>
  <ItemGroup>
    <ClCompile Include="Main.cpp">
      <Filter>Source Files</Filter>
    </ClCompile>
    <ClCompile Include="Window.cpp">
      <Filter>Source Files\User Interface\gui</Filter>
    </ClCompile>
    <ClCompile Include="FrameBuffer.cpp">
      <Filter>Source Files\User Interface\gui</Filter>
    </ClCompile>
    <ClCompile Include="Input.cpp">
      <Filter>Source Files\User Interface\input</Filter>
    </ClCompile>
    <ClCompile Include="Mouse.cpp">
      <Filter>Source Files\User Interface\input</Filter>
    </ClCompile>
    <ClCompile Include="Keyboard.cpp">
      <Filter>Source Files\User Interface\input</Filter>
    </ClCompile>
    <ClCompile Include="Initializer.cpp">
      <Filter>Source Files\Render Engine\opengl\core</Filter>
    </ClCompile>
    <ClCompile Include="VAOLoader.cpp">
      <Filter>Source Files\Render Engine\opengl\data_struct</Filter>
    </ClCompile>
    <ClCompile Include="ModelLoader.cpp">
      <Filter>Source Files\Scene\importer</Filter>
    </ClCompile>
    <ClCompile Include="Node.cpp">
      <Filter>Source Files\Scene\model</Filter>
    </ClCompile>
    <ClCompile Include="Mesh.cpp">
      <Filter>Source Files\Scene\model</Filter>
    </ClCompile>
    <ClCompile Include="GenericTypes.cpp">
      <Filter>Source Files\System\utils\data_types</Filter>
    </ClCompile>
    <ClCompile Include="Logger.cpp">
      <Filter>Source Files\System\debug</Filter>
    </ClCompile>
    <ClCompile Include="Light.cpp">
      <Filter>Source Files\Scene\model</Filter>
    </ClCompile>
    <ClCompile Include="Transform.cpp">
      <Filter>Source Files\Scene\model</Filter>
    </ClCompile>
  </ItemGroup>
  <ItemGroup>
    <ClInclude Include="gui.h">
      <Filter>Header Files\User Interface</Filter>
    </ClInclude>
    <ClInclude Include="input.h">
      <Filter>Header Files\User Interface</Filter>
    </ClInclude>
    <ClInclude Include="core.h">
      <Filter>Header Files\Render Engine\opengl</Filter>
    </ClInclude>
    <ClInclude Include="data_struct.h">
      <Filter>Header Files\Render Engine\opengl</Filter>
    </ClInclude>
    <ClInclude Include="importer.h">
      <Filter>Header Files\Scene</Filter>
    </ClInclude>
    <ClInclude Include="model.h">
      <Filter>Header Files\Scene</Filter>
    </ClInclude>
    <ClInclude Include="data_types.h">
      <Filter>Header Files\System\utils</Filter>
    </ClInclude>
    <ClInclude Include="debug.h">
      <Filter>Header Files\System</Filter>
    </ClInclude>
  </ItemGroup>
</Project>